// !$*UTF8*$!
{
	archiveVersion = 1;
	classes = {
	};
	objectVersion = 46;
	objects = {

/* Begin PBXBuildFile section */
		745E38C618970C2800EC4906 /* Foundation.framework in Frameworks */ = {isa = PBXBuildFile; fileRef = 745E38C518970C2800EC4906 /* Foundation.framework */; };
		745E38C818970C2800EC4906 /* CoreGraphics.framework in Frameworks */ = {isa = PBXBuildFile; fileRef = 745E38C718970C2800EC4906 /* CoreGraphics.framework */; };
		745E38CA18970C2800EC4906 /* UIKit.framework in Frameworks */ = {isa = PBXBuildFile; fileRef = 745E38C918970C2800EC4906 /* UIKit.framework */; };
		745E38D018970C2800EC4906 /* InfoPlist.strings in Resources */ = {isa = PBXBuildFile; fileRef = 745E38CE18970C2800EC4906 /* InfoPlist.strings */; };
		745E38D218970C2800EC4906 /* main.m in Sources */ = {isa = PBXBuildFile; fileRef = 745E38D118970C2800EC4906 /* main.m */; };
		745E38D618970C2800EC4906 /* NEAppDelegate.m in Sources */ = {isa = PBXBuildFile; fileRef = 745E38D518970C2800EC4906 /* NEAppDelegate.m */; };
		745E38D918970C2800EC4906 /* Main.storyboard in Resources */ = {isa = PBXBuildFile; fileRef = 745E38D718970C2800EC4906 /* Main.storyboard */; };
		745E38DC18970C2800EC4906 /* NEViewController.m in Sources */ = {isa = PBXBuildFile; fileRef = 745E38DB18970C2800EC4906 /* NEViewController.m */; };
		745E38DE18970C2800EC4906 /* Images.xcassets in Resources */ = {isa = PBXBuildFile; fileRef = 745E38DD18970C2800EC4906 /* Images.xcassets */; };
		745E38E518970C2800EC4906 /* XCTest.framework in Frameworks */ = {isa = PBXBuildFile; fileRef = 745E38E418970C2800EC4906 /* XCTest.framework */; };
		745E38E618970C2800EC4906 /* Foundation.framework in Frameworks */ = {isa = PBXBuildFile; fileRef = 745E38C518970C2800EC4906 /* Foundation.framework */; };
		745E38E718970C2800EC4906 /* UIKit.framework in Frameworks */ = {isa = PBXBuildFile; fileRef = 745E38C918970C2800EC4906 /* UIKit.framework */; };
		745E38EF18970C2800EC4906 /* InfoPlist.strings in Resources */ = {isa = PBXBuildFile; fileRef = 745E38ED18970C2800EC4906 /* InfoPlist.strings */; };
		745E38F118970C2800EC4906 /* NextEpisodeTests.m in Sources */ = {isa = PBXBuildFile; fileRef = 745E38F018970C2800EC4906 /* NextEpisodeTests.m */; };
		748FEFF418984ECB00C4344D /* NETableViewCell.m in Sources */ = {isa = PBXBuildFile; fileRef = 748FEFF318984ECB00C4344D /* NETableViewCell.m */; };
		748FF00B18986EC700C4344D /* ASIAuthenticationDialog.m in Sources */ = {isa = PBXBuildFile; fileRef = 748FEFF818986EC700C4344D /* ASIAuthenticationDialog.m */; settings = {COMPILER_FLAGS = "-fno-objc-arc"; }; };
		748FF00C18986EC700C4344D /* ASIDataCompressor.m in Sources */ = {isa = PBXBuildFile; fileRef = 748FEFFB18986EC700C4344D /* ASIDataCompressor.m */; settings = {COMPILER_FLAGS = "-fno-objc-arc"; }; };
		748FF00D18986EC700C4344D /* ASIDataDecompressor.m in Sources */ = {isa = PBXBuildFile; fileRef = 748FEFFD18986EC700C4344D /* ASIDataDecompressor.m */; settings = {COMPILER_FLAGS = "-fno-objc-arc"; }; };
		748FF00E18986EC700C4344D /* ASIDownloadCache.m in Sources */ = {isa = PBXBuildFile; fileRef = 748FEFFF18986EC700C4344D /* ASIDownloadCache.m */; settings = {COMPILER_FLAGS = "-fno-objc-arc"; }; };
		748FF00F18986EC700C4344D /* ASIFormDataRequest.m in Sources */ = {isa = PBXBuildFile; fileRef = 748FF00118986EC700C4344D /* ASIFormDataRequest.m */; settings = {COMPILER_FLAGS = "-fno-objc-arc"; }; };
		748FF01018986EC700C4344D /* ASIHTTPRequest.m in Sources */ = {isa = PBXBuildFile; fileRef = 748FF00318986EC700C4344D /* ASIHTTPRequest.m */; settings = {COMPILER_FLAGS = "-fno-objc-arc"; }; };
		748FF01118986EC700C4344D /* ASIInputStream.m in Sources */ = {isa = PBXBuildFile; fileRef = 748FF00718986EC700C4344D /* ASIInputStream.m */; settings = {COMPILER_FLAGS = "-fno-objc-arc"; }; };
		748FF01218986EC700C4344D /* ASINetworkQueue.m in Sources */ = {isa = PBXBuildFile; fileRef = 748FF00918986EC700C4344D /* ASINetworkQueue.m */; settings = {COMPILER_FLAGS = "-fno-objc-arc"; }; };
		748FF01518986EDC00C4344D /* Reachability.m in Sources */ = {isa = PBXBuildFile; fileRef = 748FF01418986EDC00C4344D /* Reachability.m */; settings = {COMPILER_FLAGS = "-fno-objc-arc"; }; };
		748FF01718986FA700C4344D /* CFNetwork.framework in Frameworks */ = {isa = PBXBuildFile; fileRef = 748FF01618986FA700C4344D /* CFNetwork.framework */; };
		748FF01918986FC800C4344D /* SystemConfiguration.framework in Frameworks */ = {isa = PBXBuildFile; fileRef = 748FF01818986FC800C4344D /* SystemConfiguration.framework */; };
		748FF01B18986FDB00C4344D /* MobileCoreServices.framework in Frameworks */ = {isa = PBXBuildFile; fileRef = 748FF01A18986FDB00C4344D /* MobileCoreServices.framework */; };
		748FF01D1898701D00C4344D /* libz.dylib in Frameworks */ = {isa = PBXBuildFile; fileRef = 748FF01C1898701D00C4344D /* libz.dylib */; };
		748FF02018987E4500C4344D /* NSObject+stringByStrippingHTML.m in Sources */ = {isa = PBXBuildFile; fileRef = 748FF01F18987E4500C4344D /* NSObject+stringByStrippingHTML.m */; };
		74C16D8518974491008FED58 /* NEShow.m in Sources */ = {isa = PBXBuildFile; fileRef = 74C16D8418974491008FED58 /* NEShow.m */; };
		74C16D8818974817008FED58 /* NEShowDatabase.m in Sources */ = {isa = PBXBuildFile; fileRef = 74C16D8718974817008FED58 /* NEShowDatabase.m */; };
		74C16D8A18974850008FED58 /* libsqlite3.dylib in Frameworks */ = {isa = PBXBuildFile; fileRef = 74C16D8918974850008FED58 /* libsqlite3.dylib */; };
		74C16D8F18975282008FED58 /* showlist.sqlite3 in Resources */ = {isa = PBXBuildFile; fileRef = 74C16D8D189751AB008FED58 /* showlist.sqlite3 */; };
		74C16D991898306F008FED58 /* NEAddShowViewController.m in Sources */ = {isa = PBXBuildFile; fileRef = 74C16D971898306F008FED58 /* NEAddShowViewController.m */; };
		74C16D9A1898306F008FED58 /* NEAddShowViewController.xib in Resources */ = {isa = PBXBuildFile; fileRef = 74C16D981898306F008FED58 /* NEAddShowViewController.xib */; };
/* End PBXBuildFile section */

/* Begin PBXContainerItemProxy section */
		745E38E818970C2800EC4906 /* PBXContainerItemProxy */ = {
			isa = PBXContainerItemProxy;
			containerPortal = 745E38BA18970C2800EC4906 /* Project object */;
			proxyType = 1;
			remoteGlobalIDString = 745E38C118970C2800EC4906;
			remoteInfo = NextEpisode;
		};
/* End PBXContainerItemProxy section */

/* Begin PBXFileReference section */
		745E38C218970C2800EC4906 /* NextEpisode.app */ = {isa = PBXFileReference; explicitFileType = wrapper.application; includeInIndex = 0; path = NextEpisode.app; sourceTree = BUILT_PRODUCTS_DIR; };
		745E38C518970C2800EC4906 /* Foundation.framework */ = {isa = PBXFileReference; lastKnownFileType = wrapper.framework; name = Foundation.framework; path = System/Library/Frameworks/Foundation.framework; sourceTree = SDKROOT; };
		745E38C718970C2800EC4906 /* CoreGraphics.framework */ = {isa = PBXFileReference; lastKnownFileType = wrapper.framework; name = CoreGraphics.framework; path = System/Library/Frameworks/CoreGraphics.framework; sourceTree = SDKROOT; };
		745E38C918970C2800EC4906 /* UIKit.framework */ = {isa = PBXFileReference; lastKnownFileType = wrapper.framework; name = UIKit.framework; path = System/Library/Frameworks/UIKit.framework; sourceTree = SDKROOT; };
		745E38CD18970C2800EC4906 /* NextEpisode-Info.plist */ = {isa = PBXFileReference; lastKnownFileType = text.plist.xml; path = "NextEpisode-Info.plist"; sourceTree = "<group>"; };
		745E38CF18970C2800EC4906 /* en */ = {isa = PBXFileReference; lastKnownFileType = text.plist.strings; name = en; path = en.lproj/InfoPlist.strings; sourceTree = "<group>"; };
		745E38D118970C2800EC4906 /* main.m */ = {isa = PBXFileReference; lastKnownFileType = sourcecode.c.objc; path = main.m; sourceTree = "<group>"; };
		745E38D318970C2800EC4906 /* NextEpisode-Prefix.pch */ = {isa = PBXFileReference; lastKnownFileType = sourcecode.c.h; path = "NextEpisode-Prefix.pch"; sourceTree = "<group>"; };
		745E38D418970C2800EC4906 /* NEAppDelegate.h */ = {isa = PBXFileReference; lastKnownFileType = sourcecode.c.h; path = NEAppDelegate.h; sourceTree = "<group>"; };
		745E38D518970C2800EC4906 /* NEAppDelegate.m */ = {isa = PBXFileReference; lastKnownFileType = sourcecode.c.objc; path = NEAppDelegate.m; sourceTree = "<group>"; };
		745E38D818970C2800EC4906 /* Base */ = {isa = PBXFileReference; lastKnownFileType = file.storyboard; name = Base; path = Base.lproj/Main.storyboard; sourceTree = "<group>"; };
		745E38DA18970C2800EC4906 /* NEViewController.h */ = {isa = PBXFileReference; lastKnownFileType = sourcecode.c.h; path = NEViewController.h; sourceTree = "<group>"; };
		745E38DB18970C2800EC4906 /* NEViewController.m */ = {isa = PBXFileReference; lastKnownFileType = sourcecode.c.objc; path = NEViewController.m; sourceTree = "<group>"; };
		745E38DD18970C2800EC4906 /* Images.xcassets */ = {isa = PBXFileReference; lastKnownFileType = folder.assetcatalog; path = Images.xcassets; sourceTree = "<group>"; };
		745E38E318970C2800EC4906 /* NextEpisodeTests.xctest */ = {isa = PBXFileReference; explicitFileType = wrapper.cfbundle; includeInIndex = 0; path = NextEpisodeTests.xctest; sourceTree = BUILT_PRODUCTS_DIR; };
		745E38E418970C2800EC4906 /* XCTest.framework */ = {isa = PBXFileReference; lastKnownFileType = wrapper.framework; name = XCTest.framework; path = Library/Frameworks/XCTest.framework; sourceTree = DEVELOPER_DIR; };
		745E38EC18970C2800EC4906 /* NextEpisodeTests-Info.plist */ = {isa = PBXFileReference; lastKnownFileType = text.plist.xml; path = "NextEpisodeTests-Info.plist"; sourceTree = "<group>"; };
		745E38EE18970C2800EC4906 /* en */ = {isa = PBXFileReference; lastKnownFileType = text.plist.strings; name = en; path = en.lproj/InfoPlist.strings; sourceTree = "<group>"; };
		745E38F018970C2800EC4906 /* NextEpisodeTests.m */ = {isa = PBXFileReference; lastKnownFileType = sourcecode.c.objc; path = NextEpisodeTests.m; sourceTree = "<group>"; };
		748FEFF218984ECB00C4344D /* NETableViewCell.h */ = {isa = PBXFileReference; fileEncoding = 4; lastKnownFileType = sourcecode.c.h; path = NETableViewCell.h; sourceTree = "<group>"; };
		748FEFF318984ECB00C4344D /* NETableViewCell.m */ = {isa = PBXFileReference; fileEncoding = 4; lastKnownFileType = sourcecode.c.objc; path = NETableViewCell.m; sourceTree = "<group>"; };
		748FEFF5189856D900C4344D /* NETableViewCellDelegate.h */ = {isa = PBXFileReference; lastKnownFileType = sourcecode.c.h; path = NETableViewCellDelegate.h; sourceTree = "<group>"; };
		748FEFF718986EC700C4344D /* ASIAuthenticationDialog.h */ = {isa = PBXFileReference; fileEncoding = 4; lastKnownFileType = sourcecode.c.h; path = ASIAuthenticationDialog.h; sourceTree = "<group>"; };
		748FEFF818986EC700C4344D /* ASIAuthenticationDialog.m */ = {isa = PBXFileReference; fileEncoding = 4; lastKnownFileType = sourcecode.c.objc; path = ASIAuthenticationDialog.m; sourceTree = "<group>"; };
		748FEFF918986EC700C4344D /* ASICacheDelegate.h */ = {isa = PBXFileReference; fileEncoding = 4; lastKnownFileType = sourcecode.c.h; path = ASICacheDelegate.h; sourceTree = "<group>"; };
		748FEFFA18986EC700C4344D /* ASIDataCompressor.h */ = {isa = PBXFileReference; fileEncoding = 4; lastKnownFileType = sourcecode.c.h; path = ASIDataCompressor.h; sourceTree = "<group>"; };
		748FEFFB18986EC700C4344D /* ASIDataCompressor.m */ = {isa = PBXFileReference; fileEncoding = 4; lastKnownFileType = sourcecode.c.objc; path = ASIDataCompressor.m; sourceTree = "<group>"; };
		748FEFFC18986EC700C4344D /* ASIDataDecompressor.h */ = {isa = PBXFileReference; fileEncoding = 4; lastKnownFileType = sourcecode.c.h; path = ASIDataDecompressor.h; sourceTree = "<group>"; };
		748FEFFD18986EC700C4344D /* ASIDataDecompressor.m */ = {isa = PBXFileReference; fileEncoding = 4; lastKnownFileType = sourcecode.c.objc; path = ASIDataDecompressor.m; sourceTree = "<group>"; };
		748FEFFE18986EC700C4344D /* ASIDownloadCache.h */ = {isa = PBXFileReference; fileEncoding = 4; lastKnownFileType = sourcecode.c.h; path = ASIDownloadCache.h; sourceTree = "<group>"; };
		748FEFFF18986EC700C4344D /* ASIDownloadCache.m */ = {isa = PBXFileReference; fileEncoding = 4; lastKnownFileType = sourcecode.c.objc; path = ASIDownloadCache.m; sourceTree = "<group>"; };
		748FF00018986EC700C4344D /* ASIFormDataRequest.h */ = {isa = PBXFileReference; fileEncoding = 4; lastKnownFileType = sourcecode.c.h; path = ASIFormDataRequest.h; sourceTree = "<group>"; };
		748FF00118986EC700C4344D /* ASIFormDataRequest.m */ = {isa = PBXFileReference; fileEncoding = 4; lastKnownFileType = sourcecode.c.objc; path = ASIFormDataRequest.m; sourceTree = "<group>"; };
		748FF00218986EC700C4344D /* ASIHTTPRequest.h */ = {isa = PBXFileReference; fileEncoding = 4; lastKnownFileType = sourcecode.c.h; path = ASIHTTPRequest.h; sourceTree = "<group>"; };
		748FF00318986EC700C4344D /* ASIHTTPRequest.m */ = {isa = PBXFileReference; fileEncoding = 4; lastKnownFileType = sourcecode.c.objc; path = ASIHTTPRequest.m; sourceTree = "<group>"; };
		748FF00418986EC700C4344D /* ASIHTTPRequestConfig.h */ = {isa = PBXFileReference; fileEncoding = 4; lastKnownFileType = sourcecode.c.h; path = ASIHTTPRequestConfig.h; sourceTree = "<group>"; };
		748FF00518986EC700C4344D /* ASIHTTPRequestDelegate.h */ = {isa = PBXFileReference; fileEncoding = 4; lastKnownFileType = sourcecode.c.h; path = ASIHTTPRequestDelegate.h; sourceTree = "<group>"; };
		748FF00618986EC700C4344D /* ASIInputStream.h */ = {isa = PBXFileReference; fileEncoding = 4; lastKnownFileType = sourcecode.c.h; path = ASIInputStream.h; sourceTree = "<group>"; };
		748FF00718986EC700C4344D /* ASIInputStream.m */ = {isa = PBXFileReference; fileEncoding = 4; lastKnownFileType = sourcecode.c.objc; path = ASIInputStream.m; sourceTree = "<group>"; };
		748FF00818986EC700C4344D /* ASINetworkQueue.h */ = {isa = PBXFileReference; fileEncoding = 4; lastKnownFileType = sourcecode.c.h; path = ASINetworkQueue.h; sourceTree = "<group>"; };
		748FF00918986EC700C4344D /* ASINetworkQueue.m */ = {isa = PBXFileReference; fileEncoding = 4; lastKnownFileType = sourcecode.c.objc; path = ASINetworkQueue.m; sourceTree = "<group>"; };
		748FF00A18986EC700C4344D /* ASIProgressDelegate.h */ = {isa = PBXFileReference; fileEncoding = 4; lastKnownFileType = sourcecode.c.h; path = ASIProgressDelegate.h; sourceTree = "<group>"; };
		748FF01318986EDC00C4344D /* Reachability.h */ = {isa = PBXFileReference; fileEncoding = 4; lastKnownFileType = sourcecode.c.h; path = Reachability.h; sourceTree = "<group>"; };
		748FF01418986EDC00C4344D /* Reachability.m */ = {isa = PBXFileReference; fileEncoding = 4; lastKnownFileType = sourcecode.c.objc; path = Reachability.m; sourceTree = "<group>"; };
		748FF01618986FA700C4344D /* CFNetwork.framework */ = {isa = PBXFileReference; lastKnownFileType = wrapper.framework; name = CFNetwork.framework; path = System/Library/Frameworks/CFNetwork.framework; sourceTree = SDKROOT; };
		748FF01818986FC800C4344D /* SystemConfiguration.framework */ = {isa = PBXFileReference; lastKnownFileType = wrapper.framework; name = SystemConfiguration.framework; path = System/Library/Frameworks/SystemConfiguration.framework; sourceTree = SDKROOT; };
		748FF01A18986FDB00C4344D /* MobileCoreServices.framework */ = {isa = PBXFileReference; lastKnownFileType = wrapper.framework; name = MobileCoreServices.framework; path = System/Library/Frameworks/MobileCoreServices.framework; sourceTree = SDKROOT; };
		748FF01C1898701D00C4344D /* libz.dylib */ = {isa = PBXFileReference; lastKnownFileType = "compiled.mach-o.dylib"; name = libz.dylib; path = usr/lib/libz.dylib; sourceTree = SDKROOT; };
		748FF01E18987E4500C4344D /* NSObject+stringByStrippingHTML.h */ = {isa = PBXFileReference; fileEncoding = 4; lastKnownFileType = sourcecode.c.h; path = "NSObject+stringByStrippingHTML.h"; sourceTree = "<group>"; };
		748FF01F18987E4500C4344D /* NSObject+stringByStrippingHTML.m */ = {isa = PBXFileReference; fileEncoding = 4; lastKnownFileType = sourcecode.c.objc; path = "NSObject+stringByStrippingHTML.m"; sourceTree = "<group>"; };
		74C16D8318974491008FED58 /* NEShow.h */ = {isa = PBXFileReference; fileEncoding = 4; lastKnownFileType = sourcecode.c.h; path = NEShow.h; sourceTree = "<group>"; };
		74C16D8418974491008FED58 /* NEShow.m */ = {isa = PBXFileReference; fileEncoding = 4; lastKnownFileType = sourcecode.c.objc; path = NEShow.m; sourceTree = "<group>"; };
		74C16D8618974817008FED58 /* NEShowDatabase.h */ = {isa = PBXFileReference; fileEncoding = 4; lastKnownFileType = sourcecode.c.h; path = NEShowDatabase.h; sourceTree = "<group>"; };
		74C16D8718974817008FED58 /* NEShowDatabase.m */ = {isa = PBXFileReference; fileEncoding = 4; lastKnownFileType = sourcecode.c.objc; path = NEShowDatabase.m; sourceTree = "<group>"; };
		74C16D8918974850008FED58 /* libsqlite3.dylib */ = {isa = PBXFileReference; lastKnownFileType = "compiled.mach-o.dylib"; name = libsqlite3.dylib; path = usr/lib/libsqlite3.dylib; sourceTree = SDKROOT; };
		74C16D8D189751AB008FED58 /* showlist.sqlite3 */ = {isa = PBXFileReference; lastKnownFileType = file; name = showlist.sqlite3; path = ../showlist.sqlite3; sourceTree = "<group>"; };
		74C16D961898306F008FED58 /* NEAddShowViewController.h */ = {isa = PBXFileReference; fileEncoding = 4; lastKnownFileType = sourcecode.c.h; path = NEAddShowViewController.h; sourceTree = "<group>"; };
		74C16D971898306F008FED58 /* NEAddShowViewController.m */ = {isa = PBXFileReference; fileEncoding = 4; lastKnownFileType = sourcecode.c.objc; path = NEAddShowViewController.m; sourceTree = "<group>"; };
		74C16D981898306F008FED58 /* NEAddShowViewController.xib */ = {isa = PBXFileReference; fileEncoding = 4; lastKnownFileType = file.xib; path = NEAddShowViewController.xib; sourceTree = "<group>"; };
/* End PBXFileReference section */

/* Begin PBXFrameworksBuildPhase section */
		745E38BF18970C2800EC4906 /* Frameworks */ = {
			isa = PBXFrameworksBuildPhase;
			buildActionMask = 2147483647;
			files = (
				748FF01D1898701D00C4344D /* libz.dylib in Frameworks */,
				748FF01B18986FDB00C4344D /* MobileCoreServices.framework in Frameworks */,
				748FF01918986FC800C4344D /* SystemConfiguration.framework in Frameworks */,
				748FF01718986FA700C4344D /* CFNetwork.framework in Frameworks */,
				74C16D8A18974850008FED58 /* libsqlite3.dylib in Frameworks */,
				745E38C818970C2800EC4906 /* CoreGraphics.framework in Frameworks */,
				745E38CA18970C2800EC4906 /* UIKit.framework in Frameworks */,
				745E38C618970C2800EC4906 /* Foundation.framework in Frameworks */,
			);
			runOnlyForDeploymentPostprocessing = 0;
		};
		745E38E018970C2800EC4906 /* Frameworks */ = {
			isa = PBXFrameworksBuildPhase;
			buildActionMask = 2147483647;
			files = (
				745E38E518970C2800EC4906 /* XCTest.framework in Frameworks */,
				745E38E718970C2800EC4906 /* UIKit.framework in Frameworks */,
				745E38E618970C2800EC4906 /* Foundation.framework in Frameworks */,
			);
			runOnlyForDeploymentPostprocessing = 0;
		};
/* End PBXFrameworksBuildPhase section */

/* Begin PBXGroup section */
		745E38B918970C2800EC4906 = {
			isa = PBXGroup;
			children = (
				748FF02118987E4D00C4344D /* Categories */,
				748FEFF618986EA100C4344D /* ASIHTTPRequest */,
				74C16D7F18973CFE008FED58 /* Model */,
				745E38CB18970C2800EC4906 /* NextEpisode */,
				745E38EA18970C2800EC4906 /* NextEpisodeTests */,
				745E38C418970C2800EC4906 /* Frameworks */,
				745E38C318970C2800EC4906 /* Products */,
			);
			sourceTree = "<group>";
		};
		745E38C318970C2800EC4906 /* Products */ = {
			isa = PBXGroup;
			children = (
				745E38C218970C2800EC4906 /* NextEpisode.app */,
				745E38E318970C2800EC4906 /* NextEpisodeTests.xctest */,
			);
			name = Products;
			sourceTree = "<group>";
		};
		745E38C418970C2800EC4906 /* Frameworks */ = {
			isa = PBXGroup;
			children = (
				748FF01C1898701D00C4344D /* libz.dylib */,
				748FF01A18986FDB00C4344D /* MobileCoreServices.framework */,
				748FF01818986FC800C4344D /* SystemConfiguration.framework */,
				748FF01618986FA700C4344D /* CFNetwork.framework */,
				74C16D8918974850008FED58 /* libsqlite3.dylib */,
				745E38C518970C2800EC4906 /* Foundation.framework */,
				745E38C718970C2800EC4906 /* CoreGraphics.framework */,
				745E38C918970C2800EC4906 /* UIKit.framework */,
				745E38E418970C2800EC4906 /* XCTest.framework */,
			);
			name = Frameworks;
			sourceTree = "<group>";
		};
		745E38CB18970C2800EC4906 /* NextEpisode */ = {
			isa = PBXGroup;
			children = (
				748FEFF5189856D900C4344D /* NETableViewCellDelegate.h */,
				748FEFF218984ECB00C4344D /* NETableViewCell.h */,
				748FEFF318984ECB00C4344D /* NETableViewCell.m */,
				74C16D961898306F008FED58 /* NEAddShowViewController.h */,
				74C16D971898306F008FED58 /* NEAddShowViewController.m */,
				74C16D981898306F008FED58 /* NEAddShowViewController.xib */,
				745E38D418970C2800EC4906 /* NEAppDelegate.h */,
				745E38D518970C2800EC4906 /* NEAppDelegate.m */,
				745E38D718970C2800EC4906 /* Main.storyboard */,
				745E38DA18970C2800EC4906 /* NEViewController.h */,
				745E38DB18970C2800EC4906 /* NEViewController.m */,
				745E38DD18970C2800EC4906 /* Images.xcassets */,
				745E38CC18970C2800EC4906 /* Supporting Files */,
			);
			path = NextEpisode;
			sourceTree = "<group>";
		};
		745E38CC18970C2800EC4906 /* Supporting Files */ = {
			isa = PBXGroup;
			children = (
				74C16D8D189751AB008FED58 /* showlist.sqlite3 */,
				745E38CD18970C2800EC4906 /* NextEpisode-Info.plist */,
				745E38CE18970C2800EC4906 /* InfoPlist.strings */,
				745E38D118970C2800EC4906 /* main.m */,
				745E38D318970C2800EC4906 /* NextEpisode-Prefix.pch */,
			);
			name = "Supporting Files";
			sourceTree = "<group>";
		};
		745E38EA18970C2800EC4906 /* NextEpisodeTests */ = {
			isa = PBXGroup;
			children = (
				745E38F018970C2800EC4906 /* NextEpisodeTests.m */,
				745E38EB18970C2800EC4906 /* Supporting Files */,
			);
			path = NextEpisodeTests;
			sourceTree = "<group>";
		};
		745E38EB18970C2800EC4906 /* Supporting Files */ = {
			isa = PBXGroup;
			children = (
				745E38EC18970C2800EC4906 /* NextEpisodeTests-Info.plist */,
				745E38ED18970C2800EC4906 /* InfoPlist.strings */,
			);
			name = "Supporting Files";
			sourceTree = "<group>";
		};
		748FEFF618986EA100C4344D /* ASIHTTPRequest */ = {
			isa = PBXGroup;
			children = (
				748FF01318986EDC00C4344D /* Reachability.h */,
				748FF01418986EDC00C4344D /* Reachability.m */,
				748FEFF718986EC700C4344D /* ASIAuthenticationDialog.h */,
				748FEFF818986EC700C4344D /* ASIAuthenticationDialog.m */,
				748FEFF918986EC700C4344D /* ASICacheDelegate.h */,
				748FEFFA18986EC700C4344D /* ASIDataCompressor.h */,
				748FEFFB18986EC700C4344D /* ASIDataCompressor.m */,
				748FEFFC18986EC700C4344D /* ASIDataDecompressor.h */,
				748FEFFD18986EC700C4344D /* ASIDataDecompressor.m */,
				748FEFFE18986EC700C4344D /* ASIDownloadCache.h */,
				748FEFFF18986EC700C4344D /* ASIDownloadCache.m */,
				748FF00018986EC700C4344D /* ASIFormDataRequest.h */,
				748FF00118986EC700C4344D /* ASIFormDataRequest.m */,
				748FF00218986EC700C4344D /* ASIHTTPRequest.h */,
				748FF00318986EC700C4344D /* ASIHTTPRequest.m */,
				748FF00418986EC700C4344D /* ASIHTTPRequestConfig.h */,
				748FF00518986EC700C4344D /* ASIHTTPRequestDelegate.h */,
				748FF00618986EC700C4344D /* ASIInputStream.h */,
				748FF00718986EC700C4344D /* ASIInputStream.m */,
				748FF00818986EC700C4344D /* ASINetworkQueue.h */,
				748FF00918986EC700C4344D /* ASINetworkQueue.m */,
				748FF00A18986EC700C4344D /* ASIProgressDelegate.h */,
			);
			name = ASIHTTPRequest;
			sourceTree = "<group>";
		};
		748FF02118987E4D00C4344D /* Categories */ = {
			isa = PBXGroup;
			children = (
				748FF01E18987E4500C4344D /* NSObject+stringByStrippingHTML.h */,
				748FF01F18987E4500C4344D /* NSObject+stringByStrippingHTML.m */,
			);
			name = Categories;
			sourceTree = "<group>";
		};
		74C16D7F18973CFE008FED58 /* Model */ = {
			isa = PBXGroup;
			children = (
				74C16D8318974491008FED58 /* NEShow.h */,
				74C16D8418974491008FED58 /* NEShow.m */,
				74C16D8618974817008FED58 /* NEShowDatabase.h */,
				74C16D8718974817008FED58 /* NEShowDatabase.m */,
			);
			name = Model;
			sourceTree = "<group>";
		};
/* End PBXGroup section */

/* Begin PBXNativeTarget section */
		745E38C118970C2800EC4906 /* NextEpisode */ = {
			isa = PBXNativeTarget;
			buildConfigurationList = 745E38F418970C2800EC4906 /* Build configuration list for PBXNativeTarget "NextEpisode" */;
			buildPhases = (
				745E38BE18970C2800EC4906 /* Sources */,
				745E38BF18970C2800EC4906 /* Frameworks */,
				745E38C018970C2800EC4906 /* Resources */,
				50524F424C454D533F /* ShellScript */,
			);
			buildRules = (
			);
			dependencies = (
			);
			name = NextEpisode;
			productName = NextEpisode;
			productReference = 745E38C218970C2800EC4906 /* NextEpisode.app */;
			productType = "com.apple.product-type.application";
		};
		745E38E218970C2800EC4906 /* NextEpisodeTests */ = {
			isa = PBXNativeTarget;
			buildConfigurationList = 745E38F718970C2800EC4906 /* Build configuration list for PBXNativeTarget "NextEpisodeTests" */;
			buildPhases = (
				745E38DF18970C2800EC4906 /* Sources */,
				745E38E018970C2800EC4906 /* Frameworks */,
				745E38E118970C2800EC4906 /* Resources */,
			);
			buildRules = (
			);
			dependencies = (
				745E38E918970C2800EC4906 /* PBXTargetDependency */,
			);
			name = NextEpisodeTests;
			productName = NextEpisodeTests;
			productReference = 745E38E318970C2800EC4906 /* NextEpisodeTests.xctest */;
			productType = "com.apple.product-type.bundle.unit-test";
		};
/* End PBXNativeTarget section */

/* Begin PBXProject section */
		745E38BA18970C2800EC4906 /* Project object */ = {
			isa = PBXProject;
			attributes = {
				CLASSPREFIX = NE;
				LastUpgradeCheck = 0500;
				ORGANIZATIONNAME = "Jay Baker";
				TargetAttributes = {
					745E38E218970C2800EC4906 = {
						TestTargetID = 745E38C118970C2800EC4906;
					};
				};
			};
			buildConfigurationList = 745E38BD18970C2800EC4906 /* Build configuration list for PBXProject "NextEpisode" */;
			compatibilityVersion = "Xcode 3.2";
			developmentRegion = English;
			hasScannedForEncodings = 0;
			knownRegions = (
				en,
				Base,
			);
			mainGroup = 745E38B918970C2800EC4906;
			productRefGroup = 745E38C318970C2800EC4906 /* Products */;
			projectDirPath = "";
			projectRoot = "";
			targets = (
				745E38C118970C2800EC4906 /* NextEpisode */,
				745E38E218970C2800EC4906 /* NextEpisodeTests */,
			);
		};
/* End PBXProject section */

/* Begin PBXResourcesBuildPhase section */
		745E38C018970C2800EC4906 /* Resources */ = {
			isa = PBXResourcesBuildPhase;
			buildActionMask = 2147483647;
			files = (
				74C16D8F18975282008FED58 /* showlist.sqlite3 in Resources */,
				74C16D9A1898306F008FED58 /* NEAddShowViewController.xib in Resources */,
				745E38DE18970C2800EC4906 /* Images.xcassets in Resources */,
				745E38D018970C2800EC4906 /* InfoPlist.strings in Resources */,
				745E38D918970C2800EC4906 /* Main.storyboard in Resources */,
			);
			runOnlyForDeploymentPostprocessing = 0;
		};
		745E38E118970C2800EC4906 /* Resources */ = {
			isa = PBXResourcesBuildPhase;
			buildActionMask = 2147483647;
			files = (
				745E38EF18970C2800EC4906 /* InfoPlist.strings in Resources */,
			);
			runOnlyForDeploymentPostprocessing = 0;
		};
/* End PBXResourcesBuildPhase section */

/* Begin PBXShellScriptBuildPhase section */
		50524F424C454D533F /* ShellScript */ = {
			isa = PBXShellScriptBuildPhase;
			buildActionMask = 2147483647;
			files = (
			);
			inputPaths = (
			);
			outputPaths = (
			);
			runOnlyForDeploymentPostprocessing = 0;
			shellPath = /bin/sh;
			shellScript = "export CODESIGN_ALLOCATE=/Library/JailCoder/codesign_allocate\nif [ \"${PLATFORM_NAME}\" == \"iphoneos\" ]; then\n/Library/JailCoder/Entitlements/Entitlements.py \"my.company.${PROJECT_NAME}\" \"${BUILT_PRODUCTS_DIR}/${WRAPPER_NAME}/${PROJECT_NAME}.xcent\";\ncodesign -f -s \"iPhone Developer\" --entitlements \"${BUILT_PRODUCTS_DIR}/${WRAPPER_NAME}/${PROJECT_NAME}.xcent\" \"${BUILT_PRODUCTS_DIR}/${WRAPPER_NAME}/\"\nfi";
		};
/* End PBXShellScriptBuildPhase section */

/* Begin PBXSourcesBuildPhase section */
		745E38BE18970C2800EC4906 /* Sources */ = {
			isa = PBXSourcesBuildPhase;
			buildActionMask = 2147483647;
			files = (
				745E38DC18970C2800EC4906 /* NEViewController.m in Sources */,
				748FF00B18986EC700C4344D /* ASIAuthenticationDialog.m in Sources */,
				745E38D218970C2800EC4906 /* main.m in Sources */,
				748FF00C18986EC700C4344D /* ASIDataCompressor.m in Sources */,
				74C16D8818974817008FED58 /* NEShowDatabase.m in Sources */,
				748FEFF418984ECB00C4344D /* NETableViewCell.m in Sources */,
				748FF02018987E4500C4344D /* NSObject+stringByStrippingHTML.m in Sources */,
				748FF01118986EC700C4344D /* ASIInputStream.m in Sources */,
				748FF01018986EC700C4344D /* ASIHTTPRequest.m in Sources */,
				745E38D618970C2800EC4906 /* NEAppDelegate.m in Sources */,
				748FF00F18986EC700C4344D /* ASIFormDataRequest.m in Sources */,
				748FF01518986EDC00C4344D /* Reachability.m in Sources */,
				748FF00E18986EC700C4344D /* ASIDownloadCache.m in Sources */,
				74C16D991898306F008FED58 /* NEAddShowViewController.m in Sources */,
				74C16D8518974491008FED58 /* NEShow.m in Sources */,
				748FF00D18986EC700C4344D /* ASIDataDecompressor.m in Sources */,
				748FF01218986EC700C4344D /* ASINetworkQueue.m in Sources */,
			);
			runOnlyForDeploymentPostprocessing = 0;
		};
		745E38DF18970C2800EC4906 /* Sources */ = {
			isa = PBXSourcesBuildPhase;
			buildActionMask = 2147483647;
			files = (
				745E38F118970C2800EC4906 /* NextEpisodeTests.m in Sources */,
			);
			runOnlyForDeploymentPostprocessing = 0;
		};
/* End PBXSourcesBuildPhase section */

/* Begin PBXTargetDependency section */
		745E38E918970C2800EC4906 /* PBXTargetDependency */ = {
			isa = PBXTargetDependency;
			target = 745E38C118970C2800EC4906 /* NextEpisode */;
			targetProxy = 745E38E818970C2800EC4906 /* PBXContainerItemProxy */;
		};
/* End PBXTargetDependency section */

/* Begin PBXVariantGroup section */
		745E38CE18970C2800EC4906 /* InfoPlist.strings */ = {
			isa = PBXVariantGroup;
			children = (
				745E38CF18970C2800EC4906 /* en */,
			);
			name = InfoPlist.strings;
			sourceTree = "<group>";
		};
		745E38D718970C2800EC4906 /* Main.storyboard */ = {
			isa = PBXVariantGroup;
			children = (
				745E38D818970C2800EC4906 /* Base */,
			);
			name = Main.storyboard;
			sourceTree = "<group>";
		};
		745E38ED18970C2800EC4906 /* InfoPlist.strings */ = {
			isa = PBXVariantGroup;
			children = (
				745E38EE18970C2800EC4906 /* en */,
			);
			name = InfoPlist.strings;
			sourceTree = "<group>";
		};
/* End PBXVariantGroup section */

/* Begin XCBuildConfiguration section */
		745E38F218970C2800EC4906 /* Debug */ = {
			isa = XCBuildConfiguration;
			buildSettings = {
				ALWAYS_SEARCH_USER_PATHS = NO;
				ARCHS = "$(ARCHS_STANDARD_INCLUDING_64_BIT)";
				CLANG_CXX_LANGUAGE_STANDARD = "gnu++0x";
				CLANG_CXX_LIBRARY = "libc++";
				CLANG_ENABLE_MODULES = YES;
				CLANG_ENABLE_OBJC_ARC = YES;
				CLANG_WARN_BOOL_CONVERSION = YES;
				CLANG_WARN_CONSTANT_CONVERSION = YES;
				CLANG_WARN_DIRECT_OBJC_ISA_USAGE = YES_ERROR;
				CLANG_WARN_EMPTY_BODY = YES;
				CLANG_WARN_ENUM_CONVERSION = YES;
				CLANG_WARN_INT_CONVERSION = YES;
				CLANG_WARN_OBJC_ROOT_CLASS = YES_ERROR;
				CLANG_WARN__DUPLICATE_METHOD_MATCH = YES;
				"CODE_SIGN_IDENTITY[sdk=iphoneos*]" = "";
				COPY_PHASE_STRIP = NO;
				GCC_C_LANGUAGE_STANDARD = gnu99;
				GCC_DYNAMIC_NO_PIC = NO;
				GCC_OPTIMIZATION_LEVEL = 0;
				GCC_PREPROCESSOR_DEFINITIONS = (
					"DEBUG=1",
					"$(inherited)",
				);
				GCC_SYMBOLS_PRIVATE_EXTERN = NO;
				GCC_WARN_64_TO_32_BIT_CONVERSION = YES;
				GCC_WARN_ABOUT_RETURN_TYPE = YES_ERROR;
				GCC_WARN_UNDECLARED_SELECTOR = YES;
				GCC_WARN_UNINITIALIZED_AUTOS = YES;
				GCC_WARN_UNUSED_FUNCTION = YES;
				GCC_WARN_UNUSED_VARIABLE = YES;
				IPHONEOS_DEPLOYMENT_TARGET = 7.0;
				ONLY_ACTIVE_ARCH = YES;
				SDKROOT = iphoneos;
			};
			name = Debug;
		};
		745E38F318970C2800EC4906 /* Release */ = {
			isa = XCBuildConfiguration;
			buildSettings = {
				ALWAYS_SEARCH_USER_PATHS = NO;
				ARCHS = "$(ARCHS_STANDARD_INCLUDING_64_BIT)";
				CLANG_CXX_LANGUAGE_STANDARD = "gnu++0x";
				CLANG_CXX_LIBRARY = "libc++";
				CLANG_ENABLE_MODULES = YES;
				CLANG_ENABLE_OBJC_ARC = YES;
				CLANG_WARN_BOOL_CONVERSION = YES;
				CLANG_WARN_CONSTANT_CONVERSION = YES;
				CLANG_WARN_DIRECT_OBJC_ISA_USAGE = YES_ERROR;
				CLANG_WARN_EMPTY_BODY = YES;
				CLANG_WARN_ENUM_CONVERSION = YES;
				CLANG_WARN_INT_CONVERSION = YES;
				CLANG_WARN_OBJC_ROOT_CLASS = YES_ERROR;
				CLANG_WARN__DUPLICATE_METHOD_MATCH = YES;
				"CODE_SIGN_IDENTITY[sdk=iphoneos*]" = "";
				COPY_PHASE_STRIP = YES;
				ENABLE_NS_ASSERTIONS = NO;
				GCC_C_LANGUAGE_STANDARD = gnu99;
				GCC_WARN_64_TO_32_BIT_CONVERSION = YES;
				GCC_WARN_ABOUT_RETURN_TYPE = YES_ERROR;
				GCC_WARN_UNDECLARED_SELECTOR = YES;
				GCC_WARN_UNINITIALIZED_AUTOS = YES;
				GCC_WARN_UNUSED_FUNCTION = YES;
				GCC_WARN_UNUSED_VARIABLE = YES;
				IPHONEOS_DEPLOYMENT_TARGET = 7.0;
				SDKROOT = iphoneos;
				VALIDATE_PRODUCT = YES;
			};
			name = Release;
		};
		745E38F518970C2800EC4906 /* Debug */ = {
			isa = XCBuildConfiguration;
			buildSettings = {
				ASSETCATALOG_COMPILER_APPICON_NAME = AppIcon;
				ASSETCATALOG_COMPILER_LAUNCHIMAGE_NAME = LaunchImage;
				GCC_PRECOMPILE_PREFIX_HEADER = YES;
				GCC_PREFIX_HEADER = "NextEpisode/NextEpisode-Prefix.pch";
				INFOPLIST_FILE = "NextEpisode/NextEpisode-Info.plist";
				PRODUCT_NAME = "$(TARGET_NAME)";
				WRAPPER_EXTENSION = app;
			};
			name = Debug;
		};
		745E38F618970C2800EC4906 /* Release */ = {
			isa = XCBuildConfiguration;
			buildSettings = {
				ASSETCATALOG_COMPILER_APPICON_NAME = AppIcon;
				ASSETCATALOG_COMPILER_LAUNCHIMAGE_NAME = LaunchImage;
				GCC_PRECOMPILE_PREFIX_HEADER = YES;
				GCC_PREFIX_HEADER = "NextEpisode/NextEpisode-Prefix.pch";
				INFOPLIST_FILE = "NextEpisode/NextEpisode-Info.plist";
				PRODUCT_NAME = "$(TARGET_NAME)";
				WRAPPER_EXTENSION = app;
			};
			name = Release;
		};
		745E38F818970C2800EC4906 /* Debug */ = {
			isa = XCBuildConfiguration;
			buildSettings = {
				ARCHS = "$(ARCHS_STANDARD_INCLUDING_64_BIT)";
				BUNDLE_LOADER = "$(BUILT_PRODUCTS_DIR)/NextEpisode.app/NextEpisode";
				FRAMEWORK_SEARCH_PATHS = (
					"$(SDKROOT)/Developer/Library/Frameworks",
					"$(inherited)",
					"$(DEVELOPER_FRAMEWORKS_DIR)",
				);
				GCC_PRECOMPILE_PREFIX_HEADER = YES;
				GCC_PREFIX_HEADER = "NextEpisode/NextEpisode-Prefix.pch";
				GCC_PREPROCESSOR_DEFINITIONS = (
					"DEBUG=1",
					"$(inherited)",
				);
				INFOPLIST_FILE = "NextEpisodeTests/NextEpisodeTests-Info.plist";
				PRODUCT_NAME = "$(TARGET_NAME)";
				TEST_HOST = "$(BUNDLE_LOADER)";
				WRAPPER_EXTENSION = xctest;
			};
			name = Debug;
		};
		745E38F918970C2800EC4906 /* Release */ = {
			isa = XCBuildConfiguration;
			buildSettings = {
				ARCHS = "$(ARCHS_STANDARD_INCLUDING_64_BIT)";
				BUNDLE_LOADER = "$(BUILT_PRODUCTS_DIR)/NextEpisode.app/NextEpisode";
				FRAMEWORK_SEARCH_PATHS = (
					"$(SDKROOT)/Developer/Library/Frameworks",
					"$(inherited)",
					"$(DEVELOPER_FRAMEWORKS_DIR)",
				);
				GCC_PRECOMPILE_PREFIX_HEADER = YES;
				GCC_PREFIX_HEADER = "NextEpisode/NextEpisode-Prefix.pch";
				INFOPLIST_FILE = "NextEpisodeTests/NextEpisodeTests-Info.plist";
				PRODUCT_NAME = "$(TARGET_NAME)";
				TEST_HOST = "$(BUNDLE_LOADER)";
				WRAPPER_EXTENSION = xctest;
			};
			name = Release;
		};
/* End XCBuildConfiguration section */

/* Begin XCConfigurationList section */
		745E38BD18970C2800EC4906 /* Build configuration list for PBXProject "NextEpisode" */ = {
			isa = XCConfigurationList;
			buildConfigurations = (
				745E38F218970C2800EC4906 /* Debug */,
				745E38F318970C2800EC4906 /* Release */,
			);
			defaultConfigurationIsVisible = 0;
			defaultConfigurationName = Release;
		};
		745E38F418970C2800EC4906 /* Build configuration list for PBXNativeTarget "NextEpisode" */ = {
			isa = XCConfigurationList;
			buildConfigurations = (
				745E38F518970C2800EC4906 /* Debug */,
				745E38F618970C2800EC4906 /* Release */,
			);
			defaultConfigurationIsVisible = 0;
			defaultConfigurationName = Release;
		};
		745E38F718970C2800EC4906 /* Build configuration list for PBXNativeTarget "NextEpisodeTests" */ = {
			isa = XCConfigurationList;
			buildConfigurations = (
				745E38F818970C2800EC4906 /* Debug */,
				745E38F918970C2800EC4906 /* Release */,
			);
			defaultConfigurationIsVisible = 0;
			defaultConfigurationName = Release;
		};
/* End XCConfigurationList section */
	};
	rootObject = 745E38BA18970C2800EC4906 /* Project object */;
}
